// !$*UTF8*$!
{
	archiveVersion = 1;
	classes = {
	};
	objectVersion = 48;
	objects = {

/* Begin PBXBuildFile section */
		6E3AB8B3200E47FF009EC1DF /* AppDelegate.swift in Sources */ = {isa = PBXBuildFile; fileRef = 6E3AB8B2200E47FF009EC1DF /* AppDelegate.swift */; };
		6E3AB8B5200E47FF009EC1DF /* Assets.xcassets in Resources */ = {isa = PBXBuildFile; fileRef = 6E3AB8B4200E47FF009EC1DF /* Assets.xcassets */; };
		6E3AB8B8200E47FF009EC1DF /* MainMenu.xib in Resources */ = {isa = PBXBuildFile; fileRef = 6E3AB8B6200E47FF009EC1DF /* MainMenu.xib */; };
		6E3AB8C4200E47FF009EC1DF /* MyFirstSwiftAppTests.swift in Sources */ = {isa = PBXBuildFile; fileRef = 6E3AB8C3200E47FF009EC1DF /* MyFirstSwiftAppTests.swift */; };
		6E3AB8CF200F96A0009EC1DF /* SimpleInterest.swift in Sources */ = {isa = PBXBuildFile; fileRef = 6E3AB8CE200F96A0009EC1DF /* SimpleInterest.swift */; };
		6E3AB8D0200F96A0009EC1DF /* SimpleInterest.swift in Sources */ = {isa = PBXBuildFile; fileRef = 6E3AB8CE200F96A0009EC1DF /* SimpleInterest.swift */; };
/* End PBXBuildFile section */

/* Begin PBXContainerItemProxy section */
		6E3AB8C0200E47FF009EC1DF /* PBXContainerItemProxy */ = {
			isa = PBXContainerItemProxy;
			containerPortal = 6E3AB8A7200E47FE009EC1DF /* Project object */;
			proxyType = 1;
			remoteGlobalIDString = 6E3AB8AE200E47FF009EC1DF;
			remoteInfo = MyFirstSwiftApp;
		};
/* End PBXContainerItemProxy section */

/* Begin PBXFileReference section */
		6E3AB8AF200E47FF009EC1DF /* MyFirstSwiftApp.app */ = {isa = PBXFileReference; explicitFileType = wrapper.application; includeInIndex = 0; path = MyFirstSwiftApp.app; sourceTree = BUILT_PRODUCTS_DIR; };
		6E3AB8B2200E47FF009EC1DF /* AppDelegate.swift */ = {isa = PBXFileReference; lastKnownFileType = sourcecode.swift; path = AppDelegate.swift; sourceTree = "<group>"; };
		6E3AB8B4200E47FF009EC1DF /* Assets.xcassets */ = {isa = PBXFileReference; lastKnownFileType = folder.assetcatalog; path = Assets.xcassets; sourceTree = "<group>"; };
		6E3AB8B7200E47FF009EC1DF /* Base */ = {isa = PBXFileReference; lastKnownFileType = file.xib; name = Base; path = Base.lproj/MainMenu.xib; sourceTree = "<group>"; };
		6E3AB8B9200E47FF009EC1DF /* Info.plist */ = {isa = PBXFileReference; lastKnownFileType = text.plist.xml; path = Info.plist; sourceTree = "<group>"; };
		6E3AB8BA200E47FF009EC1DF /* MyFirstSwiftApp.entitlements */ = {isa = PBXFileReference; lastKnownFileType = text.plist.entitlements; path = MyFirstSwiftApp.entitlements; sourceTree = "<group>"; };
		6E3AB8BF200E47FF009EC1DF /* MyFirstSwiftAppTests.xctest */ = {isa = PBXFileReference; explicitFileType = wrapper.cfbundle; includeInIndex = 0; path = MyFirstSwiftAppTests.xctest; sourceTree = BUILT_PRODUCTS_DIR; };
		6E3AB8C3200E47FF009EC1DF /* MyFirstSwiftAppTests.swift */ = {isa = PBXFileReference; lastKnownFileType = sourcecode.swift; path = MyFirstSwiftAppTests.swift; sourceTree = "<group>"; };
		6E3AB8C5200E47FF009EC1DF /* Info.plist */ = {isa = PBXFileReference; lastKnownFileType = text.plist.xml; path = Info.plist; sourceTree = "<group>"; };
		6E3AB8CE200F96A0009EC1DF /* SimpleInterest.swift */ = {isa = PBXFileReference; lastKnownFileType = sourcecode.swift; path = SimpleInterest.swift; sourceTree = "<group>"; };
/* End PBXFileReference section */

/* Begin PBXFrameworksBuildPhase section */
		6E3AB8AC200E47FF009EC1DF /* Frameworks */ = {
			isa = PBXFrameworksBuildPhase;
			buildActionMask = 2147483647;
			files = (
			);
			runOnlyForDeploymentPostprocessing = 0;
		};
		6E3AB8BC200E47FF009EC1DF /* Frameworks */ = {
			isa = PBXFrameworksBuildPhase;
			buildActionMask = 2147483647;
			files = (
			);
			runOnlyForDeploymentPostprocessing = 0;
		};
/* End PBXFrameworksBuildPhase section */

/* Begin PBXGroup section */
		6E3AB8A6200E47FE009EC1DF = {
			isa = PBXGroup;
			children = (
				6E3AB8B1200E47FF009EC1DF /* MyFirstSwiftApp */,
				6E3AB8C2200E47FF009EC1DF /* MyFirstSwiftAppTests */,
				6E3AB8B0200E47FF009EC1DF /* Products */,
			);
			sourceTree = "<group>";
		};
		6E3AB8B0200E47FF009EC1DF /* Products */ = {
			isa = PBXGroup;
			children = (
				6E3AB8AF200E47FF009EC1DF /* MyFirstSwiftApp.app */,
				6E3AB8BF200E47FF009EC1DF /* MyFirstSwiftAppTests.xctest */,
			);
			name = Products;
			sourceTree = "<group>";
		};
		6E3AB8B1200E47FF009EC1DF /* MyFirstSwiftApp */ = {
			isa = PBXGroup;
			children = (
				6E3AB8B2200E47FF009EC1DF /* AppDelegate.swift */,
				6E3AB8B4200E47FF009EC1DF /* Assets.xcassets */,
				6E3AB8B6200E47FF009EC1DF /* MainMenu.xib */,
				6E3AB8CE200F96A0009EC1DF /* SimpleInterest.swift */,
				6E3AB8B9200E47FF009EC1DF /* Info.plist */,
				6E3AB8BA200E47FF009EC1DF /* MyFirstSwiftApp.entitlements */,
			);
			path = MyFirstSwiftApp;
			sourceTree = "<group>";
		};
		6E3AB8C2200E47FF009EC1DF /* MyFirstSwiftAppTests */ = {
			isa = PBXGroup;
			children = (
				6E3AB8C3200E47FF009EC1DF /* MyFirstSwiftAppTests.swift */,
				6E3AB8C5200E47FF009EC1DF /* Info.plist */,
			);
			path = MyFirstSwiftAppTests;
			sourceTree = "<group>";
		};
/* End PBXGroup section */

/* Begin PBXNativeTarget section */
		6E3AB8AE200E47FF009EC1DF /* MyFirstSwiftApp */ = {
			isa = PBXNativeTarget;
			buildConfigurationList = 6E3AB8C8200E47FF009EC1DF /* Build configuration list for PBXNativeTarget "MyFirstSwiftApp" */;
			buildPhases = (
				6E3AB8AB200E47FF009EC1DF /* Sources */,
				6E3AB8AC200E47FF009EC1DF /* Frameworks */,
				6E3AB8AD200E47FF009EC1DF /* Resources */,
			);
			buildRules = (
			);
			dependencies = (
			);
			name = MyFirstSwiftApp;
			productName = MyFirstSwiftApp;
			productReference = 6E3AB8AF200E47FF009EC1DF /* MyFirstSwiftApp.app */;
			productType = "com.apple.product-type.application";
		};
		6E3AB8BE200E47FF009EC1DF /* MyFirstSwiftAppTests */ = {
			isa = PBXNativeTarget;
			buildConfigurationList = 6E3AB8CB200E47FF009EC1DF /* Build configuration list for PBXNativeTarget "MyFirstSwiftAppTests" */;
			buildPhases = (
				6E3AB8BB200E47FF009EC1DF /* Sources */,
				6E3AB8BC200E47FF009EC1DF /* Frameworks */,
				6E3AB8BD200E47FF009EC1DF /* Resources */,
			);
			buildRules = (
			);
			dependencies = (
				6E3AB8C1200E47FF009EC1DF /* PBXTargetDependency */,
			);
			name = MyFirstSwiftAppTests;
			productName = MyFirstSwiftAppTests;
			productReference = 6E3AB8BF200E47FF009EC1DF /* MyFirstSwiftAppTests.xctest */;
			productType = "com.apple.product-type.bundle.unit-test";
		};
/* End PBXNativeTarget section */

/* Begin PBXProject section */
		6E3AB8A7200E47FE009EC1DF /* Project object */ = {
			isa = PBXProject;
			attributes = {
				LastSwiftUpdateCheck = 0920;
				LastUpgradeCheck = 0920;
				ORGANIZATIONNAME = "罗金浩";
				TargetAttributes = {
					6E3AB8AE200E47FF009EC1DF = {
						CreatedOnToolsVersion = 9.2;
						ProvisioningStyle = Automatic;
					};
					6E3AB8BE200E47FF009EC1DF = {
						CreatedOnToolsVersion = 9.2;
						ProvisioningStyle = Automatic;
						TestTargetID = 6E3AB8AE200E47FF009EC1DF;
					};
				};
			};
			buildConfigurationList = 6E3AB8AA200E47FE009EC1DF /* Build configuration list for PBXProject "MyFirstSwiftApp" */;
			compatibilityVersion = "Xcode 8.0";
			developmentRegion = en;
			hasScannedForEncodings = 0;
			knownRegions = (
				en,
				Base,
			);
			mainGroup = 6E3AB8A6200E47FE009EC1DF;
			productRefGroup = 6E3AB8B0200E47FF009EC1DF /* Products */;
			projectDirPath = "";
			projectRoot = "";
			targets = (
				6E3AB8AE200E47FF009EC1DF /* MyFirstSwiftApp */,
				6E3AB8BE200E47FF009EC1DF /* MyFirstSwiftAppTests */,
			);
		};
/* End PBXProject section */

/* Begin PBXResourcesBuildPhase section */
		6E3AB8AD200E47FF009EC1DF /* Resources */ = {
			isa = PBXResourcesBuildPhase;
			buildActionMask = 2147483647;
			files = (
				6E3AB8B5200E47FF009EC1DF /* Assets.xcassets in Resources */,
				6E3AB8B8200E47FF009EC1DF /* MainMenu.xib in Resources */,
			);
			runOnlyForDeploymentPostprocessing = 0;
		};
		6E3AB8BD200E47FF009EC1DF /* Resources */ = {
			isa = PBXResourcesBuildPhase;
			buildActionMask = 2147483647;
			files = (
			);
			runOnlyForDeploymentPostprocessing = 0;
		};
/* End PBXResourcesBuildPhase section */

/* Begin PBXSourcesBuildPhase section */
		6E3AB8AB200E47FF009EC1DF /* Sources */ = {
			isa = PBXSourcesBuildPhase;
			buildActionMask = 2147483647;
			files = (
				6E3AB8B3200E47FF009EC1DF /* AppDelegate.swift in Sources */,
				6E3AB8CF200F96A0009EC1DF /* SimpleInterest.swift in Sources */,
			);
			runOnlyForDeploymentPostprocessing = 0;
		};
		6E3AB8BB200E47FF009EC1DF /* Sources */ = {
			isa = PBXSourcesBuildPhase;
			buildActionMask = 2147483647;
			files = (
				6E3AB8C4200E47FF009EC1DF /* MyFirstSwiftAppTests.swift in Sources */,
				6E3AB8D0200F96A0009EC1DF /* SimpleInterest.swift in Sources */,
			);
			runOnlyForDeploymentPostprocessing = 0;
		};
/* End PBXSourcesBuildPhase section */

/* Begin PBXTargetDependency section */
		6E3AB8C1200E47FF009EC1DF /* PBXTargetDependency */ = {
			isa = PBXTargetDependency;
			target = 6E3AB8AE200E47FF009EC1DF /* MyFirstSwiftApp */;
			targetProxy = 6E3AB8C0200E47FF009EC1DF /* PBXContainerItemProxy */;
		};
/* End PBXTargetDependency section */

/* Begin PBXVariantGroup section */
		6E3AB8B6200E47FF009EC1DF /* MainMenu.xib */ = {
			isa = PBXVariantGroup;
			children = (
				6E3AB8B7200E47FF009EC1DF /* Base */,
			);
			name = MainMenu.xib;
			sourceTree = "<group>";
		};
/* End PBXVariantGroup section */

/* Begin XCBuildConfiguration section */
		6E3AB8C6200E47FF009EC1DF /* Debug */ = {
			isa = XCBuildConfiguration;
			buildSettings = {
				ALWAYS_SEARCH_USER_PATHS = NO;
				CLANG_ANALYZER_NONNULL = YES;
				CLANG_ANALYZER_NUMBER_OBJECT_CONVERSION = YES_AGGRESSIVE;
				CLANG_CXX_LANGUAGE_STANDARD = "gnu++14";
				CLANG_CXX_LIBRARY = "libc++";
				CLANG_ENABLE_MODULES = YES;
				CLANG_ENABLE_OBJC_ARC = YES;
				CLANG_WARN_BLOCK_CAPTURE_AUTORELEASING = YES;
				CLANG_WARN_BOOL_CONVERSION = YES;
				CLANG_WARN_COMMA = YES;
				CLANG_WARN_CONSTANT_CONVERSION = YES;
				CLANG_WARN_DIRECT_OBJC_ISA_USAGE = YES_ERROR;
				CLANG_WARN_DOCUMENTATION_COMMENTS = YES;
				CLANG_WARN_EMPTY_BODY = YES;
				CLANG_WARN_ENUM_CONVERSION = YES;
				CLANG_WARN_INFINITE_RECURSION = YES;
				CLANG_WARN_INT_CONVERSION = YES;
				CLANG_WARN_NON_LITERAL_NULL_CONVERSION = YES;
				CLANG_WARN_OBJC_LITERAL_CONVERSION = YES;
				CLANG_WARN_OBJC_ROOT_CLASS = YES_ERROR;
				CLANG_WARN_RANGE_LOOP_ANALYSIS = YES;
				CLANG_WARN_STRICT_PROTOTYPES = YES;
				CLANG_WARN_SUSPICIOUS_MOVE = YES;
				CLANG_WARN_UNGUARDED_AVAILABILITY = YES_AGGRESSIVE;
				CLANG_WARN_UNREACHABLE_CODE = YES;
				CLANG_WARN__DUPLICATE_METHOD_MATCH = YES;
				CODE_SIGN_IDENTITY = "Mac Developer";
				COPY_PHASE_STRIP = NO;
				DEBUG_INFORMATION_FORMAT = dwarf;
				ENABLE_STRICT_OBJC_MSGSEND = YES;
				ENABLE_TESTABILITY = YES;
				GCC_C_LANGUAGE_STANDARD = gnu11;
				GCC_DYNAMIC_NO_PIC = NO;
				GCC_NO_COMMON_BLOCKS = YES;
				GCC_OPTIMIZATION_LEVEL = 0;
				GCC_PREPROCESSOR_DEFINITIONS = (
					"DEBUG=1",
					"$(inherited)",
				);
				GCC_WARN_64_TO_32_BIT_CONVERSION = YES;
				GCC_WARN_ABOUT_RETURN_TYPE = YES_ERROR;
				GCC_WARN_UNDECLARED_SELECTOR = YES;
				GCC_WARN_UNINITIALIZED_AUTOS = YES_AGGRESSIVE;
				GCC_WARN_UNUSED_FUNCTION = YES;
				GCC_WARN_UNUSED_VARIABLE = YES;
				MACOSX_DEPLOYMENT_TARGET = 10.13;
				MTL_ENABLE_DEBUG_INFO = YES;
				ONLY_ACTIVE_ARCH = YES;
				SDKROOT = macosx;
				SWIFT_ACTIVE_COMPILATION_CONDITIONS = DEBUG;
				SWIFT_OPTIMIZATION_LEVEL = "-Onone";
			};
			name = Debug;
		};
		6E3AB8C7200E47FF009EC1DF /* Release */ = {
			isa = XCBuildConfiguration;
			buildSettings = {
				ALWAYS_SEARCH_USER_PATHS = NO;
				CLANG_ANALYZER_NONNULL = YES;
				CLANG_ANALYZER_NUMBER_OBJECT_CONVERSION = YES_AGGRESSIVE;
				CLANG_CXX_LANGUAGE_STANDARD = "gnu++14";
				CLANG_CXX_LIBRARY = "libc++";
				CLANG_ENABLE_MODULES = YES;
				CLANG_ENABLE_OBJC_ARC = YES;
				CLANG_WARN_BLOCK_CAPTURE_AUTORELEASING = YES;
				CLANG_WARN_BOOL_CONVERSION = YES;
				CLANG_WARN_COMMA = YES;
				CLANG_WARN_CONSTANT_CONVERSION = YES;
				CLANG_WARN_DIRECT_OBJC_ISA_USAGE = YES_ERROR;
				CLANG_WARN_DOCUMENTATION_COMMENTS = YES;
				CLANG_WARN_EMPTY_BODY = YES;
				CLANG_WARN_ENUM_CONVERSION = YES;
				CLANG_WARN_INFINITE_RECURSION = YES;
				CLANG_WARN_INT_CONVERSION = YES;
				CLANG_WARN_NON_LITERAL_NULL_CONVERSION = YES;
				CLANG_WARN_OBJC_LITERAL_CONVERSION = YES;
				CLANG_WARN_OBJC_ROOT_CLASS = YES_ERROR;
				CLANG_WARN_RANGE_LOOP_ANALYSIS = YES;
				CLANG_WARN_STRICT_PROTOTYPES = YES;
				CLANG_WARN_SUSPICIOUS_MOVE = YES;
				CLANG_WARN_UNGUARDED_AVAILABILITY = YES_AGGRESSIVE;
				CLANG_WARN_UNREACHABLE_CODE = YES;
				CLANG_WARN__DUPLICATE_METHOD_MATCH = YES;
				CODE_SIGN_IDENTITY = "Mac Developer";
				COPY_PHASE_STRIP = NO;
				DEBUG_INFORMATION_FORMAT = "dwarf-with-dsym";
				ENABLE_NS_ASSERTIONS = NO;
				ENABLE_STRICT_OBJC_MSGSEND = YES;
				GCC_C_LANGUAGE_STANDARD = gnu11;
				GCC_NO_COMMON_BLOCKS = YES;
				GCC_WARN_64_TO_32_BIT_CONVERSION = YES;
				GCC_WARN_ABOUT_RETURN_TYPE = YES_ERROR;
				GCC_WARN_UNDECLARED_SELECTOR = YES;
				GCC_WARN_UNINITIALIZED_AUTOS = YES_AGGRESSIVE;
				GCC_WARN_UNUSED_FUNCTION = YES;
				GCC_WARN_UNUSED_VARIABLE = YES;
				MACOSX_DEPLOYMENT_TARGET = 10.13;
				MTL_ENABLE_DEBUG_INFO = NO;
				SDKROOT = macosx;
				SWIFT_OPTIMIZATION_LEVEL = "-Owholemodule";
			};
			name = Release;
		};
		6E3AB8C9200E47FF009EC1DF /* Debug */ = {
			isa = XCBuildConfiguration;
			buildSettings = {
				ASSETCATALOG_COMPILER_APPICON_NAME = AppIcon;
				CODE_SIGN_ENTITLEMENTS = MyFirstSwiftApp/MyFirstSwiftApp.entitlements;
				CODE_SIGN_STYLE = Automatic;
				COMBINE_HIDPI_IMAGES = YES;
				DEVELOPMENT_TEAM = K9A998Q5RD;
				INFOPLIST_FILE = MyFirstSwiftApp/Info.plist;
				LD_RUNPATH_SEARCH_PATHS = "$(inherited) @executable_path/../Frameworks";
				PRODUCT_BUNDLE_IDENTIFIER = top.jinhaoplus.MyFirstSwiftApp;
				PRODUCT_NAME = "$(TARGET_NAME)";
				SWIFT_VERSION = 4.0;
			};
			name = Debug;
		};
		6E3AB8CA200E47FF009EC1DF /* Release */ = {
			isa = XCBuildConfiguration;
			buildSettings = {
				ASSETCATALOG_COMPILER_APPICON_NAME = AppIcon;
				CODE_SIGN_ENTITLEMENTS = MyFirstSwiftApp/MyFirstSwiftApp.entitlements;
				CODE_SIGN_STYLE = Automatic;
				COMBINE_HIDPI_IMAGES = YES;
				DEVELOPMENT_TEAM = K9A998Q5RD;
				INFOPLIST_FILE = MyFirstSwiftApp/Info.plist;
				LD_RUNPATH_SEARCH_PATHS = "$(inherited) @executable_path/../Frameworks";
				PRODUCT_BUNDLE_IDENTIFIER = top.jinhaoplus.MyFirstSwiftApp;
				PRODUCT_NAME = "$(TARGET_NAME)";
				SWIFT_VERSION = 4.0;
			};
			name = Release;
		};
		6E3AB8CC200E47FF009EC1DF /* Debug */ = {
			isa = XCBuildConfiguration;
			buildSettings = {
				ALWAYS_EMBED_SWIFT_STANDARD_LIBRARIES = YES;
				BUNDLE_LOADER = "$(TEST_HOST)";
				CODE_SIGN_STYLE = Automatic;
				COMBINE_HIDPI_IMAGES = YES;
				DEVELOPMENT_TEAM = K9A998Q5RD;
				INFOPLIST_FILE = MyFirstSwiftAppTests/Info.plist;
				LD_RUNPATH_SEARCH_PATHS = "$(inherited) @executable_path/../Frameworks @loader_path/../Frameworks";
				PRODUCT_BUNDLE_IDENTIFIER = top.jinhaoplus.MyFirstSwiftAppTests;
				PRODUCT_NAME = "$(TARGET_NAME)";
				SWIFT_VERSION = 4.0;
				TEST_HOST = "$(BUILT_PRODUCTS_DIR)/MyFirstSwiftApp.app/Contents/MacOS/MyFirstSwiftApp";
			};
			name = Debug;
		};
		6E3AB8CD200E47FF009EC1DF /* Release */ = {
			isa = XCBuildConfiguration;
			buildSettings = {
				ALWAYS_EMBED_SWIFT_STANDARD_LIBRARIES = YES;
				BUNDLE_LOADER = "$(TEST_HOST)";
				CODE_SIGN_STYLE = Automatic;
				COMBINE_HIDPI_IMAGES = YES;
				DEVELOPMENT_TEAM = K9A998Q5RD;
				INFOPLIST_FILE = MyFirstSwiftAppTests/Info.plist;
				LD_RUNPATH_SEARCH_PATHS = "$(inherited) @executable_path/../Frameworks @loader_path/../Frameworks";
				PRODUCT_BUNDLE_IDENTIFIER = top.jinhaoplus.MyFirstSwiftAppTests;
				PRODUCT_NAME = "$(TARGET_NAME)";
				SWIFT_VERSION = 4.0;
				TEST_HOST = "$(BUILT_PRODUCTS_DIR)/MyFirstSwiftApp.app/Contents/MacOS/MyFirstSwiftApp";
			};
			name = Release;
		};
/* End XCBuildConfiguration section */

/* Begin XCConfigurationList section */
		6E3AB8AA200E47FE009EC1DF /* Build configuration list for PBXProject "MyFirstSwiftApp" */ = {
			isa = XCConfigurationList;
			buildConfigurations = (
				6E3AB8C6200E47FF009EC1DF /* Debug */,
				6E3AB8C7200E47FF009EC1DF /* Release */,
			);
			defaultConfigurationIsVisible = 0;
			defaultConfigurationName = Release;
		};
		6E3AB8C8200E47FF009EC1DF /* Build configuration list for PBXNativeTarget "MyFirstSwiftApp" */ = {
			isa = XCConfigurationList;
			buildConfigurations = (
				6E3AB8C9200E47FF009EC1DF /* Debug */,
				6E3AB8CA200E47FF009EC1DF /* Release */,
			);
			defaultConfigurationIsVisible = 0;
			defaultConfigurationName = Release;
		};
		6E3AB8CB200E47FF009EC1DF /* Build configuration list for PBXNativeTarget "MyFirstSwiftAppTests" */ = {
			isa = XCConfigurationList;
			buildConfigurations = (
				6E3AB8CC200E47FF009EC1DF /* Debug */,
				6E3AB8CD200E47FF009EC1DF /* Release */,
			);
			defaultConfigurationIsVisible = 0;
			defaultConfigurationName = Release;
		};
/* End XCConfigurationList section */
	};
	rootObject = 6E3AB8A7200E47FE009EC1DF /* Project object */;
}
